
Microsoft Visual Studio Solution File, Format Version 12.00
# Visual Studio Version 16
VisualStudioVersion = 16.0.32901.82
MinimumVisualStudioVersion = 10.0.40219.1
Project("{9A19103F-16F7-4668-BE54-9A1E7A4F7556}") = "Implementing Interface and Collection DS", "Implementing Interface and Collection DS\Implementing Interface and Collection DS.csproj", "{F0DF602B-D12B-430D-9925-8A2C5D2989B7}"
EndProject
Project("{2150E333-8FDC-42A3-9474-1A3956D46DE8}") = "Solution Items", "Solution Items", "{688EECE0-75ED-4E94-A3D8-3C791CB02CBA}"
	ProjectSection(SolutionItems) = preProject
		.editorconfig = .editorconfig
	EndProjectSection
EndProject
Global
	GlobalSection(SolutionConfigurationPlatforms) = preSolution
		Debug|Any CPU = Debug|Any CPU
		Release|Any CPU = Release|Any CPU
	EndGlobalSection
	GlobalSection(ProjectConfigurationPlatforms) = postSolution
		{F0DF602B-D12B-430D-9925-8A2C5D2989B7}.Debug|Any CPU.ActiveCfg = Debug|Any CPU
		{F0DF602B-D12B-430D-9925-8A2C5D2989B7}.Debug|Any CPU.Build.0 = Debug|Any CPU
		{F0DF602B-D12B-430D-9925-8A2C5D2989B7}.Release|Any CPU.ActiveCfg = Release|Any CPU
		{F0DF602B-D12B-430D-9925-8A2C5D2989B7}.Release|Any CPU.Build.0 = Release|Any CPU
	EndGlobalSection
	GlobalSection(SolutionProperties) = preSolution
		HideSolutionNode = FALSE
	EndGlobalSection
	GlobalSection(ExtensibilityGlobals) = postSolution
		SolutionGuid = {CBB8EF4F-CA3A-4CC1-8A2E-28437231AC6D}
	EndGlobalSection
EndGlobal
