
Microsoft Visual Studio Solution File, Format Version 12.00
# Visual Studio Version 16
VisualStudioVersion = 16.0.33027.164
MinimumVisualStudioVersion = 10.0.40219.1
Project("{FAE04EC0-301F-11D3-BF4B-00C04F79EFBC}") = "Login Application", "Login Application\Login Application.csproj", "{C8039A54-5D10-4B58-B55A-8D0B73BCFEAF}"
EndProject
Global
	GlobalSection(SolutionConfigurationPlatforms) = preSolution
		Debug|Any CPU = Debug|Any CPU
		Release|Any CPU = Release|Any CPU
	EndGlobalSection
	GlobalSection(ProjectConfigurationPlatforms) = postSolution
		{C8039A54-5D10-4B58-B55A-8D0B73BCFEAF}.Debug|Any CPU.ActiveCfg = Debug|Any CPU
		{C8039A54-5D10-4B58-B55A-8D0B73BCFEAF}.Debug|Any CPU.Build.0 = Debug|Any CPU
		{C8039A54-5D10-4B58-B55A-8D0B73BCFEAF}.Release|Any CPU.ActiveCfg = Release|Any CPU
		{C8039A54-5D10-4B58-B55A-8D0B73BCFEAF}.Release|Any CPU.Build.0 = Release|Any CPU
	EndGlobalSection
	GlobalSection(SolutionProperties) = preSolution
		HideSolutionNode = FALSE
	EndGlobalSection
	GlobalSection(ExtensibilityGlobals) = postSolution
		SolutionGuid = {2880428B-62B7-4FC0-B213-00B92C2853E6}
	EndGlobalSection
EndGlobal
