
Microsoft Visual Studio Solution File, Format Version 12.00
# Visual Studio Version 16
VisualStudioVersion = 16.0.32901.82
MinimumVisualStudioVersion = 10.0.40219.1
Project("{FAE04EC0-301F-11D3-BF4B-00C04F79EFBC}") = "WebDemoMVC", "WebDemoMVC\WebDemoMVC.csproj", "{EE293535-5997-473A-ADFD-D54BC8D01DB2}"
EndProject
Global
	GlobalSection(SolutionConfigurationPlatforms) = preSolution
		Debug|Any CPU = Debug|Any CPU
		Release|Any CPU = Release|Any CPU
	EndGlobalSection
	GlobalSection(ProjectConfigurationPlatforms) = postSolution
		{EE293535-5997-473A-ADFD-D54BC8D01DB2}.Debug|Any CPU.ActiveCfg = Debug|Any CPU
		{EE293535-5997-473A-ADFD-D54BC8D01DB2}.Debug|Any CPU.Build.0 = Debug|Any CPU
		{EE293535-5997-473A-ADFD-D54BC8D01DB2}.Release|Any CPU.ActiveCfg = Release|Any CPU
		{EE293535-5997-473A-ADFD-D54BC8D01DB2}.Release|Any CPU.Build.0 = Release|Any CPU
	EndGlobalSection
	GlobalSection(SolutionProperties) = preSolution
		HideSolutionNode = FALSE
	EndGlobalSection
	GlobalSection(ExtensibilityGlobals) = postSolution
		SolutionGuid = {67073962-CA60-4D7D-8896-A71E043A5404}
	EndGlobalSection
EndGlobal
