
Microsoft Visual Studio Solution File, Format Version 12.00
# Visual Studio Version 16
VisualStudioVersion = 16.0.33027.164
MinimumVisualStudioVersion = 10.0.40219.1
Project("{FAE04EC0-301F-11D3-BF4B-00C04F79EFBC}") = "OutputCacheDemo", "OutputCacheDemo\OutputCacheDemo.csproj", "{42A3F885-6EF1-41C0-A746-B7E8A914883A}"
EndProject
Global
	GlobalSection(SolutionConfigurationPlatforms) = preSolution
		Debug|Any CPU = Debug|Any CPU
		Release|Any CPU = Release|Any CPU
	EndGlobalSection
	GlobalSection(ProjectConfigurationPlatforms) = postSolution
		{42A3F885-6EF1-41C0-A746-B7E8A914883A}.Debug|Any CPU.ActiveCfg = Debug|Any CPU
		{42A3F885-6EF1-41C0-A746-B7E8A914883A}.Debug|Any CPU.Build.0 = Debug|Any CPU
		{42A3F885-6EF1-41C0-A746-B7E8A914883A}.Release|Any CPU.ActiveCfg = Release|Any CPU
		{42A3F885-6EF1-41C0-A746-B7E8A914883A}.Release|Any CPU.Build.0 = Release|Any CPU
	EndGlobalSection
	GlobalSection(SolutionProperties) = preSolution
		HideSolutionNode = FALSE
	EndGlobalSection
	GlobalSection(ExtensibilityGlobals) = postSolution
		SolutionGuid = {E3795153-54E6-400A-BCF2-3897657CCAF9}
	EndGlobalSection
EndGlobal
